{
    "_readme": [
        "This file locks the dependencies of your project to a known state",
        "Read more about it at https://getcomposer.org/doc/01-basic-usage.md#composer-lock-the-lock-file",
        "This file is @generated automatically"
    ],
    "hash": "02c83ed460341b899f456aab2306e274",
    "content-hash": "06f007dcc859a62fde604f6c07bbcd1f",
    "packages": [
        {
            "name": "neitanod/forceutf8",
            "version": "dev-master",
            "source": {
                "type": "git",
                "url": "https://github.com/neitanod/forceutf8.git",
                "reference": "e1f383c7b5331b575c41c6e936e321095017cd35"
            },
            "dist": {
                "type": "zip",
                "url": "https://api.github.com/repos/neitanod/forceutf8/zipball/e1f383c7b5331b575c41c6e936e321095017cd35",
                "reference": "e1f383c7b5331b575c41c6e936e321095017cd35",
                "shasum": ""
            },
            "require": {
                "php": ">=5.3.0"
            },
            "type": "library",
            "autoload": {
                "psr-0": {
                    "ForceUTF8\\": "src/"
                }
            },
            "notification-url": "https://packagist.org/downloads/",
            "authors": [
                {
                    "name": "Sebastián Grignoli",
                    "email": "grignoli@gmail.com"
                }
            ],
            "description": "PHP Class Encoding featuring popular Encoding::toUTF8() function --formerly known as forceUTF8()-- that fixes mixed encoded strings.",
            "homepage": "https://github.com/neitanod/forceutf8",
            "time": "2017-09-21 21:00:15"
        },
        {
            "name": "wikimedia/deadlinkchecker",
            "version": "dev-master",
            "source": {
                "type": "git",
                "url": "https://github.com/wikimedia/DeadlinkChecker.git",
                "reference": "461954187b1b1cd901f2c507e13a09f5f544d167"
            },
            "dist": {
                "type": "zip",
                "url": "https://api.github.com/repos/wikimedia/DeadlinkChecker/zipball/461954187b1b1cd901f2c507e13a09f5f544d167",
                "reference": "461954187b1b1cd901f2c507e13a09f5f544d167",
                "shasum": ""
            },
            "require": {
                "ext-curl": "*",
                "lib-curl": ">=7.15.1",
                "php": ">=5.5.9"
            },
            "replace": {
                "niharika29/deadlinkchecker": "*"
            },
            "require-dev": {
                "jakub-onderka/php-parallel-lint": "~0.8",
                "mediawiki/mediawiki-codesniffer": "0.7.2",
                "phpunit/phpunit": "~4.8|~5.0"
            },
            "type": "library",
            "autoload": {
                "psr-4": {
                    "Wikimedia\\DeadlinkChecker\\": "src/"
                }
            },
            "scripts": {
                "fix": [
                    "phpcbf"
                ],
                "test": [
                    "composer validate --no-interaction",
                    "parallel-lint . --exclude vendor",
                    "phpunit",
                    "phpcs -p"
                ]
            },
            "license": [
                "GPL-3+"
            ],
            "authors": [
                {
                    "name": "Niharika Kohli",
                    "email": "niharikakohli29@gmail.com",
                    "role": "Developer"
                },
                {
                    "name": "Maximilian Doerr",
                    "email": "maximilian.doerr@gmail.com",
                    "role": "Developer"
                }
            ],
            "description": "Library for checking if a given link is dead or alive",
            "homepage": "https://www.mediawiki.org/wiki/DeadlinkChecker",
            "keywords": [
                "deadlink",
                "link"
            ],
            "support": {
                "source": "https://github.com/wikimedia/DeadlinkChecker/tree/master",
                "issues": "https://github.com/wikimedia/DeadlinkChecker/issues"
            },
            "time": "2018-02-23 22:59:49"
        }
    ],
    "packages-dev": [],
    "aliases": [],
    "minimum-stability": "stable",
    "stability-flags": {
        "wikimedia/deadlinkchecker": 20,
        "neitanod/forceutf8": 20
    },
    "prefer-stable": false,
    "prefer-lowest": false,
    "platform": [],
    "platform-dev": []
}
