{
    "_readme": [
        "This file locks the dependencies of your project to a known state",
        "Read more about it at https://getcomposer.org/doc/01-basic-usage.md#composer-lock-the-lock-file",
        "This file is @generated automatically"
    ],
    "hash": "70b82c7094bea2eecb2efd66a0401003",
    "content-hash": "e94e47500e7dd4dfe80a98a21110f484",
    "packages": [
        {
            "name": "niharika29/deadlinkchecker",
            "version": "dev-master",
            "source": {
                "type": "git",
                "url": "https://github.com/wikimedia/DeadlinkChecker.git",
                "reference": "55c11450d9b82ad17833360c35b2c724eee9c86e"
            },
            "dist": {
                "type": "zip",
                "url": "https://api.github.com/repos/wikimedia/DeadlinkChecker/zipball/55c11450d9b82ad17833360c35b2c724eee9c86e",
                "reference": "55c11450d9b82ad17833360c35b2c724eee9c86e",
                "shasum": ""
            },
            "require": {
                "ext-curl": "*",
                "lib-curl": ">=7.15.1",
                "php": ">=5.5.9"
            },
            "replace": {
                "niharika29/deadlinkchecker": "*"
            },
            "require-dev": {
                "jakub-onderka/php-parallel-lint": "~0.8",
                "mediawiki/mediawiki-codesniffer": "0.7.2",
                "phpunit/phpunit": "~4.8|~5.0"
            },
            "type": "library",
            "autoload": {
                "psr-4": {
                    "Wikimedia\\DeadlinkChecker\\": "src/"
                }
            },
            "notification-url": "https://packagist.org/downloads/",
            "license": [
                "GPL-3+"
            ],
            "authors": [
                {
                    "name": "Niharika Kohli",
                    "email": "niharikakohli29@gmail.com",
                    "role": "Developer"
                },
                {
                    "name": "Maximilian Doerr",
                    "email": "maximilian.doerr@gmail.com",
                    "role": "Developer"
                }
            ],
            "description": "Library for checking if a given link is dead or alive",
            "homepage": "https://www.mediawiki.org/wiki/DeadlinkChecker",
            "keywords": [
                "deadlink",
                "link"
            ],
            "time": "2016-12-24 17:56:38"
        }
    ],
    "packages-dev": [],
    "aliases": [],
    "minimum-stability": "stable",
    "stability-flags": {
        "niharika29/deadlinkchecker": 20
    },
    "prefer-stable": false,
    "prefer-lowest": false,
    "platform": [],
    "platform-dev": []
}
